
Microsoft Visual Studio Solution File, Format Version 12.00
# Visual Studio Version 17
VisualStudioVersion = 17.0.31903.59
MinimumVisualStudioVersion = 10.0.40219.1
Project("{2150E333-8FDC-42A3-9474-1A3956D46DE8}") = "Services", "Services", "{CE4F440A-2E80-4EA0-9AD0-D4643428B409}"
EndProject
Project("{2150E333-8FDC-42A3-9474-1A3956D46DE8}") = "Ordering", "Ordering", "{87C5C5F3-1B8E-4BCC-AFAB-9E305BD56608}"
EndProject
Project("{FAE04EC0-301F-11D3-BF4B-00C04F79EFBC}") = "Ordering.Api", "Services\Ordering\Ordering.Api\Ordering.Api.csproj", "{7366EDE3-F3D4-426C-99DC-8947484413A6}"
EndProject
Project("{FAE04EC0-301F-11D3-BF4B-00C04F79EFBC}") = "Ordering.Application", "Services\Ordering\Ordering.Application\Ordering.Application.csproj", "{8B56C9E2-E400-44E2-8DA2-EEE00AE0E5BA}"
EndProject
Project("{FAE04EC0-301F-11D3-BF4B-00C04F79EFBC}") = "Ordering.Domain", "Services\Ordering\Ordering.Domain\Ordering.Domain.csproj", "{BBC2E8E8-D38F-4A44-BE39-ACCF977F9143}"
EndProject
Project("{FAE04EC0-301F-11D3-BF4B-00C04F79EFBC}") = "Ordering.Infrastructure", "Services\Ordering\Ordering.Infrastructure\Ordering.Infrastructure.csproj", "{F6EF76F0-7A93-413D-89AE-CC44620A2F03}"
EndProject
Project("{2150E333-8FDC-42A3-9474-1A3956D46DE8}") = "Tests", "Tests", "{C9A1B2D3-E4F5-6789-ABCD-EF0123456789}"
EndProject
Project("{FAE04EC0-301F-11D3-BF4B-00C04F79EFBC}") = "Ordering.UnitTests", "Tests\Ordering.UnitTests\Ordering.UnitTests.csproj", "{D1E2F3A4-B5C6-7890-DEF1-23456789ABCD}"
EndProject
Project("{2150E333-8FDC-42A3-9474-1A3956D46DE8}") = "BuildingBlocks", "BuildingBlocks", "{E999D80C-4BAC-42CD-BF53-1D9CC3620CA0}"
EndProject
Project("{FAE04EC0-301F-11D3-BF4B-00C04F79EFBC}") = "Logistics.Core", "BuildingBlocks\Logistics.Core\Logistics.Core.csproj", "{721074C4-CA59-4F48-AEF7-0DF2D34F8883}"
EndProject
Project("{FAE04EC0-301F-11D3-BF4B-00C04F79EFBC}") = "EventBus.Messages", "BuildingBlocks\EventBus.Messages\EventBus.Messages.csproj", "{D06AE61B-F3E4-498E-AAF9-AFF258D86847}"
EndProject
Project("{2150E333-8FDC-42A3-9474-1A3956D46DE8}") = "Warehouse", "Warehouse", "{1487CCD4-169F-4B89-AAB3-ABFF44795777}"
EndProject
Project("{FAE04EC0-301F-11D3-BF4B-00C04F79EFBC}") = "Warehouse.Domain", "Services\Warehouse\Warehouse.Domain\Warehouse.Domain.csproj", "{E299183B-819D-49B7-9D84-A9FC39EFFF7B}"
EndProject
Project("{FAE04EC0-301F-11D3-BF4B-00C04F79EFBC}") = "Warehouse.Infrastructure", "Services\Warehouse\Warehouse.Infrastructure\Warehouse.Infrastructure.csproj", "{3CE2954C-E1D3-4F06-8040-4313277BA56B}"
EndProject
Project("{FAE04EC0-301F-11D3-BF4B-00C04F79EFBC}") = "Warehouse.Api", "Services\Warehouse\Warehouse.Api\Warehouse.Api.csproj", "{80084A55-F9B0-49AE-944C-36E3CEB39A80}"
EndProject
Project("{FAE04EC0-301F-11D3-BF4B-00C04F79EFBC}") = "Warehouse.Application", "Services\Warehouse\Warehouse.Application\Warehouse.Application.csproj", "{21380072-4CD4-415E-A172-3E6A46FC4324}"
EndProject
Project("{2150E333-8FDC-42A3-9474-1A3956D46DE8}") = "MasterData", "MasterData", "{5638635C-379A-4AE2-B14F-0E3FF97B6FC4}"
EndProject
Project("{FAE04EC0-301F-11D3-BF4B-00C04F79EFBC}") = "MasterData.Domain", "Services\MasterData\MasterData.Domain\MasterData.Domain.csproj", "{4313D331-3933-4C8A-8B7D-5E4348EAA0A5}"
EndProject
Project("{FAE04EC0-301F-11D3-BF4B-00C04F79EFBC}") = "MasterData.Application", "Services\MasterData\MasterData.Application\MasterData.Application.csproj", "{4A7D9B11-28ED-4483-804F-98CE169F0417}"
EndProject
Project("{FAE04EC0-301F-11D3-BF4B-00C04F79EFBC}") = "MasterData.Infrastructure", "Services\MasterData\MasterData.Infrastructure\MasterData.Infrastructure.csproj", "{D2833EA7-E14B-47AE-861F-17202EFBD4C3}"
EndProject
Project("{FAE04EC0-301F-11D3-BF4B-00C04F79EFBC}") = "MasterData.Api", "Services\MasterData\MasterData.Api\MasterData.Api.csproj", "{BADB1D76-5082-4B46-B54C-0B1CC19DD157}"
EndProject
Global
	GlobalSection(SolutionConfigurationPlatforms) = preSolution
		Debug|Any CPU = Debug|Any CPU
		Release|Any CPU = Release|Any CPU
	EndGlobalSection
	GlobalSection(SolutionProperties) = preSolution
		HideSolutionNode = FALSE
	EndGlobalSection
	GlobalSection(ProjectConfigurationPlatforms) = postSolution
		{7366EDE3-F3D4-426C-99DC-8947484413A6}.Debug|Any CPU.ActiveCfg = Debug|Any CPU
		{7366EDE3-F3D4-426C-99DC-8947484413A6}.Debug|Any CPU.Build.0 = Debug|Any CPU
		{7366EDE3-F3D4-426C-99DC-8947484413A6}.Release|Any CPU.ActiveCfg = Release|Any CPU
		{7366EDE3-F3D4-426C-99DC-8947484413A6}.Release|Any CPU.Build.0 = Release|Any CPU
		{8B56C9E2-E400-44E2-8DA2-EEE00AE0E5BA}.Debug|Any CPU.ActiveCfg = Debug|Any CPU
		{8B56C9E2-E400-44E2-8DA2-EEE00AE0E5BA}.Debug|Any CPU.Build.0 = Debug|Any CPU
		{8B56C9E2-E400-44E2-8DA2-EEE00AE0E5BA}.Release|Any CPU.ActiveCfg = Release|Any CPU
		{8B56C9E2-E400-44E2-8DA2-EEE00AE0E5BA}.Release|Any CPU.Build.0 = Release|Any CPU
		{BBC2E8E8-D38F-4A44-BE39-ACCF977F9143}.Debug|Any CPU.ActiveCfg = Debug|Any CPU
		{BBC2E8E8-D38F-4A44-BE39-ACCF977F9143}.Debug|Any CPU.Build.0 = Debug|Any CPU
		{BBC2E8E8-D38F-4A44-BE39-ACCF977F9143}.Release|Any CPU.ActiveCfg = Release|Any CPU
		{BBC2E8E8-D38F-4A44-BE39-ACCF977F9143}.Release|Any CPU.Build.0 = Release|Any CPU
		{F6EF76F0-7A93-413D-89AE-CC44620A2F03}.Debug|Any CPU.ActiveCfg = Debug|Any CPU
		{F6EF76F0-7A93-413D-89AE-CC44620A2F03}.Debug|Any CPU.Build.0 = Debug|Any CPU
		{F6EF76F0-7A93-413D-89AE-CC44620A2F03}.Release|Any CPU.ActiveCfg = Release|Any CPU
		{F6EF76F0-7A93-413D-89AE-CC44620A2F03}.Release|Any CPU.Build.0 = Release|Any CPU
		{D1E2F3A4-B5C6-7890-DEF1-23456789ABCD}.Debug|Any CPU.ActiveCfg = Debug|Any CPU
		{D1E2F3A4-B5C6-7890-DEF1-23456789ABCD}.Debug|Any CPU.Build.0 = Debug|Any CPU
		{D1E2F3A4-B5C6-7890-DEF1-23456789ABCD}.Release|Any CPU.ActiveCfg = Release|Any CPU
		{D1E2F3A4-B5C6-7890-DEF1-23456789ABCD}.Release|Any CPU.Build.0 = Release|Any CPU
		{721074C4-CA59-4F48-AEF7-0DF2D34F8883}.Debug|Any CPU.ActiveCfg = Debug|Any CPU
		{721074C4-CA59-4F48-AEF7-0DF2D34F8883}.Debug|Any CPU.Build.0 = Debug|Any CPU
		{721074C4-CA59-4F48-AEF7-0DF2D34F8883}.Release|Any CPU.ActiveCfg = Release|Any CPU
		{721074C4-CA59-4F48-AEF7-0DF2D34F8883}.Release|Any CPU.Build.0 = Release|Any CPU
		{D06AE61B-F3E4-498E-AAF9-AFF258D86847}.Debug|Any CPU.ActiveCfg = Debug|Any CPU
		{D06AE61B-F3E4-498E-AAF9-AFF258D86847}.Debug|Any CPU.Build.0 = Debug|Any CPU
		{D06AE61B-F3E4-498E-AAF9-AFF258D86847}.Release|Any CPU.ActiveCfg = Release|Any CPU
		{D06AE61B-F3E4-498E-AAF9-AFF258D86847}.Release|Any CPU.Build.0 = Release|Any CPU
		{E299183B-819D-49B7-9D84-A9FC39EFFF7B}.Debug|Any CPU.ActiveCfg = Debug|Any CPU
		{E299183B-819D-49B7-9D84-A9FC39EFFF7B}.Debug|Any CPU.Build.0 = Debug|Any CPU
		{E299183B-819D-49B7-9D84-A9FC39EFFF7B}.Release|Any CPU.ActiveCfg = Release|Any CPU
		{E299183B-819D-49B7-9D84-A9FC39EFFF7B}.Release|Any CPU.Build.0 = Release|Any CPU
		{3CE2954C-E1D3-4F06-8040-4313277BA56B}.Debug|Any CPU.ActiveCfg = Debug|Any CPU
		{3CE2954C-E1D3-4F06-8040-4313277BA56B}.Debug|Any CPU.Build.0 = Debug|Any CPU
		{3CE2954C-E1D3-4F06-8040-4313277BA56B}.Release|Any CPU.ActiveCfg = Release|Any CPU
		{3CE2954C-E1D3-4F06-8040-4313277BA56B}.Release|Any CPU.Build.0 = Release|Any CPU
		{80084A55-F9B0-49AE-944C-36E3CEB39A80}.Debug|Any CPU.ActiveCfg = Debug|Any CPU
		{80084A55-F9B0-49AE-944C-36E3CEB39A80}.Debug|Any CPU.Build.0 = Debug|Any CPU
		{80084A55-F9B0-49AE-944C-36E3CEB39A80}.Release|Any CPU.ActiveCfg = Release|Any CPU
		{80084A55-F9B0-49AE-944C-36E3CEB39A80}.Release|Any CPU.Build.0 = Release|Any CPU
		{21380072-4CD4-415E-A172-3E6A46FC4324}.Debug|Any CPU.ActiveCfg = Debug|Any CPU
		{21380072-4CD4-415E-A172-3E6A46FC4324}.Debug|Any CPU.Build.0 = Debug|Any CPU
		{21380072-4CD4-415E-A172-3E6A46FC4324}.Release|Any CPU.ActiveCfg = Release|Any CPU
		{21380072-4CD4-415E-A172-3E6A46FC4324}.Release|Any CPU.Build.0 = Release|Any CPU
		{4313D331-3933-4C8A-8B7D-5E4348EAA0A5}.Debug|Any CPU.ActiveCfg = Debug|Any CPU
		{4313D331-3933-4C8A-8B7D-5E4348EAA0A5}.Debug|Any CPU.Build.0 = Debug|Any CPU
		{4313D331-3933-4C8A-8B7D-5E4348EAA0A5}.Release|Any CPU.ActiveCfg = Release|Any CPU
		{4313D331-3933-4C8A-8B7D-5E4348EAA0A5}.Release|Any CPU.Build.0 = Release|Any CPU
		{4A7D9B11-28ED-4483-804F-98CE169F0417}.Debug|Any CPU.ActiveCfg = Debug|Any CPU
		{4A7D9B11-28ED-4483-804F-98CE169F0417}.Debug|Any CPU.Build.0 = Debug|Any CPU
		{4A7D9B11-28ED-4483-804F-98CE169F0417}.Release|Any CPU.ActiveCfg = Release|Any CPU
		{4A7D9B11-28ED-4483-804F-98CE169F0417}.Release|Any CPU.Build.0 = Release|Any CPU
		{D2833EA7-E14B-47AE-861F-17202EFBD4C3}.Debug|Any CPU.ActiveCfg = Debug|Any CPU
		{D2833EA7-E14B-47AE-861F-17202EFBD4C3}.Debug|Any CPU.Build.0 = Debug|Any CPU
		{D2833EA7-E14B-47AE-861F-17202EFBD4C3}.Release|Any CPU.ActiveCfg = Release|Any CPU
		{D2833EA7-E14B-47AE-861F-17202EFBD4C3}.Release|Any CPU.Build.0 = Release|Any CPU
		{BADB1D76-5082-4B46-B54C-0B1CC19DD157}.Debug|Any CPU.ActiveCfg = Debug|Any CPU
		{BADB1D76-5082-4B46-B54C-0B1CC19DD157}.Debug|Any CPU.Build.0 = Debug|Any CPU
		{BADB1D76-5082-4B46-B54C-0B1CC19DD157}.Release|Any CPU.ActiveCfg = Release|Any CPU
		{BADB1D76-5082-4B46-B54C-0B1CC19DD157}.Release|Any CPU.Build.0 = Release|Any CPU
	EndGlobalSection
	GlobalSection(NestedProjects) = preSolution
		{87C5C5F3-1B8E-4BCC-AFAB-9E305BD56608} = {CE4F440A-2E80-4EA0-9AD0-D4643428B409}
		{7366EDE3-F3D4-426C-99DC-8947484413A6} = {87C5C5F3-1B8E-4BCC-AFAB-9E305BD56608}
		{8B56C9E2-E400-44E2-8DA2-EEE00AE0E5BA} = {87C5C5F3-1B8E-4BCC-AFAB-9E305BD56608}
		{BBC2E8E8-D38F-4A44-BE39-ACCF977F9143} = {87C5C5F3-1B8E-4BCC-AFAB-9E305BD56608}
		{F6EF76F0-7A93-413D-89AE-CC44620A2F03} = {87C5C5F3-1B8E-4BCC-AFAB-9E305BD56608}
		{721074C4-CA59-4F48-AEF7-0DF2D34F8883} = {E999D80C-4BAC-42CD-BF53-1D9CC3620CA0}
		{D06AE61B-F3E4-498E-AAF9-AFF258D86847} = {E999D80C-4BAC-42CD-BF53-1D9CC3620CA0}
		{1487CCD4-169F-4B89-AAB3-ABFF44795777} = {CE4F440A-2E80-4EA0-9AD0-D4643428B409}
		{E299183B-819D-49B7-9D84-A9FC39EFFF7B} = {1487CCD4-169F-4B89-AAB3-ABFF44795777}
		{3CE2954C-E1D3-4F06-8040-4313277BA56B} = {1487CCD4-169F-4B89-AAB3-ABFF44795777}
		{80084A55-F9B0-49AE-944C-36E3CEB39A80} = {1487CCD4-169F-4B89-AAB3-ABFF44795777}
		{21380072-4CD4-415E-A172-3E6A46FC4324} = {1487CCD4-169F-4B89-AAB3-ABFF44795777}
		{C9A1B2D3-E4F5-6789-ABCD-EF0123456789} = {CE4F440A-2E80-4EA0-9AD0-D4643428B409}
		{D1E2F3A4-B5C6-7890-DEF1-23456789ABCD} = {C9A1B2D3-E4F5-6789-ABCD-EF0123456789}
		{5638635C-379A-4AE2-B14F-0E3FF97B6FC4} = {CE4F440A-2E80-4EA0-9AD0-D4643428B409}
		{4313D331-3933-4C8A-8B7D-5E4348EAA0A5} = {5638635C-379A-4AE2-B14F-0E3FF97B6FC4}
		{4A7D9B11-28ED-4483-804F-98CE169F0417} = {5638635C-379A-4AE2-B14F-0E3FF97B6FC4}
		{D2833EA7-E14B-47AE-861F-17202EFBD4C3} = {5638635C-379A-4AE2-B14F-0E3FF97B6FC4}
		{BADB1D76-5082-4B46-B54C-0B1CC19DD157} = {5638635C-379A-4AE2-B14F-0E3FF97B6FC4}
	EndGlobalSection
EndGlobal
